// !$*UTF8*$!
{
	archiveVersion = 1;
	classes = {
	};
	objectVersion = 46;
	objects = {

/* Begin PBXBuildFile section */
		E82AE8BF17EFC7900067E353 /* main.cpp in Sources */ = {isa = PBXBuildFile; fileRef = E82AE8BE17EFC7900067E353 /* main.cpp */; };
		E82AE8C117EFC7900067E353 /* BridgeConsole.1 in CopyFiles */ = {isa = PBXBuildFile; fileRef = E82AE8C017EFC7900067E353 /* BridgeConsole.1 */; };
		E82AE8CE17EFC91B0067E353 /* libopencv_core.2.4.6.dylib in Frameworks */ = {isa = PBXBuildFile; fileRef = E82AE8C817EFC91B0067E353 /* libopencv_core.2.4.6.dylib */; };
		E82AE8CF17EFC91B0067E353 /* libopencv_highgui.2.4.6.dylib in Frameworks */ = {isa = PBXBuildFile; fileRef = E82AE8C917EFC91B0067E353 /* libopencv_highgui.2.4.6.dylib */; };
		E82AE8D017EFC91B0067E353 /* libopencv_imgproc.2.4.6.dylib in Frameworks */ = {isa = PBXBuildFile; fileRef = E82AE8CA17EFC91B0067E353 /* libopencv_imgproc.2.4.6.dylib */; };
		E82AE8D117EFC91B0067E353 /* libopencv_legacy.2.4.6.dylib in Frameworks */ = {isa = PBXBuildFile; fileRef = E82AE8CB17EFC91B0067E353 /* libopencv_legacy.2.4.6.dylib */; };
		E82AE8D217EFC91B0067E353 /* libopencv_ml.2.4.6.dylib in Frameworks */ = {isa = PBXBuildFile; fileRef = E82AE8CC17EFC91B0067E353 /* libopencv_ml.2.4.6.dylib */; };
		E82AE8D317EFC91B0067E353 /* libopencv_video.2.4.6.dylib in Frameworks */ = {isa = PBXBuildFile; fileRef = E82AE8CD17EFC91B0067E353 /* libopencv_video.2.4.6.dylib */; };
		E843419C17F54C7E009FDC49 /* libBridgePTM.dylib in Frameworks */ = {isa = PBXBuildFile; fileRef = E843419B17F54C7E009FDC49 /* libBridgePTM.dylib */; };
		E8C29CFD17F76517008F514F /* libopencv_nonfree.2.4.6.dylib in Frameworks */ = {isa = PBXBuildFile; fileRef = E8C29CFC17F76517008F514F /* libopencv_nonfree.2.4.6.dylib */; };
		E8C29D0317F76855008F514F /* libopencv_features2d.2.4.6.dylib in Frameworks */ = {isa = PBXBuildFile; fileRef = E8C29D0217F76855008F514F /* libopencv_features2d.2.4.6.dylib */; };
		E8C29D0717F76A66008F514F /* libopencv_contrib.2.4.6.dylib in Frameworks */ = {isa = PBXBuildFile; fileRef = E8C29D0617F76A66008F514F /* libopencv_contrib.2.4.6.dylib */; };
		E8C29D0B17F76DEA008F514F /* libopencv_flann.2.4.6.dylib in Frameworks */ = {isa = PBXBuildFile; fileRef = E8C29D0A17F76DEA008F514F /* libopencv_flann.2.4.6.dylib */; };
		E8ED94A817FE1E2D008AAAC7 /* libopencv_calib3d.2.4.6.dylib in Frameworks */ = {isa = PBXBuildFile; fileRef = E8ED94A717FE1E2D008AAAC7 /* libopencv_calib3d.2.4.6.dylib */; };
/* End PBXBuildFile section */

/* Begin PBXCopyFilesBuildPhase section */
		E82AE8B917EFC7900067E353 /* CopyFiles */ = {
			isa = PBXCopyFilesBuildPhase;
			buildActionMask = 2147483647;
			dstPath = /usr/share/man/man1/;
			dstSubfolderSpec = 0;
			files = (
				E82AE8C117EFC7900067E353 /* BridgeConsole.1 in CopyFiles */,
			);
			runOnlyForDeploymentPostprocessing = 1;
		};
/* End PBXCopyFilesBuildPhase section */

/* Begin PBXFileReference section */
		E82AE8BB17EFC7900067E353 /* BridgeConsole */ = {isa = PBXFileReference; explicitFileType = "compiled.mach-o.executable"; includeInIndex = 0; path = BridgeConsole; sourceTree = BUILT_PRODUCTS_DIR; };
		E82AE8BE17EFC7900067E353 /* main.cpp */ = {isa = PBXFileReference; lastKnownFileType = sourcecode.cpp.cpp; path = main.cpp; sourceTree = "<group>"; };
		E82AE8C017EFC7900067E353 /* BridgeConsole.1 */ = {isa = PBXFileReference; lastKnownFileType = text.man; path = BridgeConsole.1; sourceTree = "<group>"; };
		E82AE8C817EFC91B0067E353 /* libopencv_core.2.4.6.dylib */ = {isa = PBXFileReference; lastKnownFileType = "compiled.mach-o.dylib"; name = libopencv_core.2.4.6.dylib; path = ../../../../../opt/local/lib/libopencv_core.2.4.6.dylib; sourceTree = "<group>"; };
		E82AE8C917EFC91B0067E353 /* libopencv_highgui.2.4.6.dylib */ = {isa = PBXFileReference; lastKnownFileType = "compiled.mach-o.dylib"; name = libopencv_highgui.2.4.6.dylib; path = ../../../../../opt/local/lib/libopencv_highgui.2.4.6.dylib; sourceTree = "<group>"; };
		E82AE8CA17EFC91B0067E353 /* libopencv_imgproc.2.4.6.dylib */ = {isa = PBXFileReference; lastKnownFileType = "compiled.mach-o.dylib"; name = libopencv_imgproc.2.4.6.dylib; path = ../../../../../opt/local/lib/libopencv_imgproc.2.4.6.dylib; sourceTree = "<group>"; };
		E82AE8CB17EFC91B0067E353 /* libopencv_legacy.2.4.6.dylib */ = {isa = PBXFileReference; lastKnownFileType = "compiled.mach-o.dylib"; name = libopencv_legacy.2.4.6.dylib; path = ../../../../../opt/local/lib/libopencv_legacy.2.4.6.dylib; sourceTree = "<group>"; };
		E82AE8CC17EFC91B0067E353 /* libopencv_ml.2.4.6.dylib */ = {isa = PBXFileReference; lastKnownFileType = "compiled.mach-o.dylib"; name = libopencv_ml.2.4.6.dylib; path = ../../../../../opt/local/lib/libopencv_ml.2.4.6.dylib; sourceTree = "<group>"; };
		E82AE8CD17EFC91B0067E353 /* libopencv_video.2.4.6.dylib */ = {isa = PBXFileReference; lastKnownFileType = "compiled.mach-o.dylib"; name = libopencv_video.2.4.6.dylib; path = ../../../../../opt/local/lib/libopencv_video.2.4.6.dylib; sourceTree = "<group>"; };
		E843419B17F54C7E009FDC49 /* libBridgePTM.dylib */ = {isa = PBXFileReference; lastKnownFileType = "compiled.mach-o.dylib"; name = libBridgePTM.dylib; path = "../../../Library/Developer/Xcode/DerivedData/BridgePTM-arnjgpranbjzonavbptwywbfkqba/Build/Products/Debug/libBridgePTM.dylib"; sourceTree = "<group>"; };
		E8C29CFC17F76517008F514F /* libopencv_nonfree.2.4.6.dylib */ = {isa = PBXFileReference; lastKnownFileType = "compiled.mach-o.dylib"; name = libopencv_nonfree.2.4.6.dylib; path = ../../../../../opt/local/lib/libopencv_nonfree.2.4.6.dylib; sourceTree = "<group>"; };
		E8C29D0217F76855008F514F /* libopencv_features2d.2.4.6.dylib */ = {isa = PBXFileReference; lastKnownFileType = "compiled.mach-o.dylib"; name = libopencv_features2d.2.4.6.dylib; path = ../../../../../opt/local/lib/libopencv_features2d.2.4.6.dylib; sourceTree = "<group>"; };
		E8C29D0617F76A66008F514F /* libopencv_contrib.2.4.6.dylib */ = {isa = PBXFileReference; lastKnownFileType = "compiled.mach-o.dylib"; name = libopencv_contrib.2.4.6.dylib; path = ../../../../../opt/local/lib/libopencv_contrib.2.4.6.dylib; sourceTree = "<group>"; };
		E8C29D0A17F76DEA008F514F /* libopencv_flann.2.4.6.dylib */ = {isa = PBXFileReference; lastKnownFileType = "compiled.mach-o.dylib"; name = libopencv_flann.2.4.6.dylib; path = ../../../../../opt/local/lib/libopencv_flann.2.4.6.dylib; sourceTree = "<group>"; };
		E8ED94A717FE1E2D008AAAC7 /* libopencv_calib3d.2.4.6.dylib */ = {isa = PBXFileReference; lastKnownFileType = "compiled.mach-o.dylib"; name = libopencv_calib3d.2.4.6.dylib; path = ../../../../../../opt/local/lib/libopencv_calib3d.2.4.6.dylib; sourceTree = "<group>"; };
/* End PBXFileReference section */

/* Begin PBXFrameworksBuildPhase section */
		E82AE8B817EFC7900067E353 /* Frameworks */ = {
			isa = PBXFrameworksBuildPhase;
			buildActionMask = 2147483647;
			files = (
				E843419C17F54C7E009FDC49 /* libBridgePTM.dylib in Frameworks */,
				E82AE8CE17EFC91B0067E353 /* libopencv_core.2.4.6.dylib in Frameworks */,
				E82AE8CF17EFC91B0067E353 /* libopencv_highgui.2.4.6.dylib in Frameworks */,
				E82AE8D017EFC91B0067E353 /* libopencv_imgproc.2.4.6.dylib in Frameworks */,
				E82AE8D117EFC91B0067E353 /* libopencv_legacy.2.4.6.dylib in Frameworks */,
				E82AE8D217EFC91B0067E353 /* libopencv_ml.2.4.6.dylib in Frameworks */,
				E82AE8D317EFC91B0067E353 /* libopencv_video.2.4.6.dylib in Frameworks */,
				E8C29CFD17F76517008F514F /* libopencv_nonfree.2.4.6.dylib in Frameworks */,
				E8C29D0317F76855008F514F /* libopencv_features2d.2.4.6.dylib in Frameworks */,
				E8C29D0717F76A66008F514F /* libopencv_contrib.2.4.6.dylib in Frameworks */,
				E8C29D0B17F76DEA008F514F /* libopencv_flann.2.4.6.dylib in Frameworks */,
				E8ED94A817FE1E2D008AAAC7 /* libopencv_calib3d.2.4.6.dylib in Frameworks */,
			);
			runOnlyForDeploymentPostprocessing = 0;
		};
/* End PBXFrameworksBuildPhase section */

/* Begin PBXGroup section */
		E82AE8B217EFC7900067E353 = {
			isa = PBXGroup;
			children = (
				E843419B17F54C7E009FDC49 /* libBridgePTM.dylib */,
				E82AE8C717EFC8750067E353 /* OpenCV */,
				E82AE8BD17EFC7900067E353 /* BridgeConsole */,
				E82AE8BC17EFC7900067E353 /* Products */,
			);
			sourceTree = "<group>";
		};
		E82AE8BC17EFC7900067E353 /* Products */ = {
			isa = PBXGroup;
			children = (
				E82AE8BB17EFC7900067E353 /* BridgeConsole */,
			);
			name = Products;
			sourceTree = "<group>";
		};
		E82AE8BD17EFC7900067E353 /* BridgeConsole */ = {
			isa = PBXGroup;
			children = (
				E82AE8BE17EFC7900067E353 /* main.cpp */,
				E82AE8C017EFC7900067E353 /* BridgeConsole.1 */,
			);
			path = BridgeConsole;
			sourceTree = "<group>";
		};
		E82AE8C717EFC8750067E353 /* OpenCV */ = {
			isa = PBXGroup;
			children = (
				E8ED94A717FE1E2D008AAAC7 /* libopencv_calib3d.2.4.6.dylib */,
				E8C29D0A17F76DEA008F514F /* libopencv_flann.2.4.6.dylib */,
				E8C29D0617F76A66008F514F /* libopencv_contrib.2.4.6.dylib */,
				E8C29D0217F76855008F514F /* libopencv_features2d.2.4.6.dylib */,
				E8C29CFC17F76517008F514F /* libopencv_nonfree.2.4.6.dylib */,
				E82AE8C817EFC91B0067E353 /* libopencv_core.2.4.6.dylib */,
				E82AE8C917EFC91B0067E353 /* libopencv_highgui.2.4.6.dylib */,
				E82AE8CA17EFC91B0067E353 /* libopencv_imgproc.2.4.6.dylib */,
				E82AE8CB17EFC91B0067E353 /* libopencv_legacy.2.4.6.dylib */,
				E82AE8CC17EFC91B0067E353 /* libopencv_ml.2.4.6.dylib */,
				E82AE8CD17EFC91B0067E353 /* libopencv_video.2.4.6.dylib */,
			);
			name = OpenCV;
			sourceTree = "<group>";
		};
/* End PBXGroup section */

/* Begin PBXNativeTarget section */
		E82AE8BA17EFC7900067E353 /* BridgeConsole */ = {
			isa = PBXNativeTarget;
			buildConfigurationList = E82AE8C417EFC7900067E353 /* Build configuration list for PBXNativeTarget "BridgeConsole" */;
			buildPhases = (
				E82AE8B717EFC7900067E353 /* Sources */,
				E82AE8B817EFC7900067E353 /* Frameworks */,
				E82AE8B917EFC7900067E353 /* CopyFiles */,
			);
			buildRules = (
			);
			dependencies = (
			);
			name = BridgeConsole;
			productName = BridgeConsole;
			productReference = E82AE8BB17EFC7900067E353 /* BridgeConsole */;
			productType = "com.apple.product-type.tool";
		};
/* End PBXNativeTarget section */

/* Begin PBXProject section */
		E82AE8B317EFC7900067E353 /* Project object */ = {
			isa = PBXProject;
			attributes = {
				LastUpgradeCheck = 0460;
				ORGANIZATIONNAME = "Juan David Hincapié-Ramos";
			};
			buildConfigurationList = E82AE8B617EFC7900067E353 /* Build configuration list for PBXProject "BridgeConsole" */;
			compatibilityVersion = "Xcode 3.2";
			developmentRegion = English;
			hasScannedForEncodings = 0;
			knownRegions = (
				en,
			);
			mainGroup = E82AE8B217EFC7900067E353;
			productRefGroup = E82AE8BC17EFC7900067E353 /* Products */;
			projectDirPath = "";
			projectRoot = "";
			targets = (
				E82AE8BA17EFC7900067E353 /* BridgeConsole */,
			);
		};
/* End PBXProject section */

/* Begin PBXSourcesBuildPhase section */
		E82AE8B717EFC7900067E353 /* Sources */ = {
			isa = PBXSourcesBuildPhase;
			buildActionMask = 2147483647;
			files = (
				E82AE8BF17EFC7900067E353 /* main.cpp in Sources */,
			);
			runOnlyForDeploymentPostprocessing = 0;
		};
/* End PBXSourcesBuildPhase section */

/* Begin XCBuildConfiguration section */
		E82AE8C217EFC7900067E353 /* Debug */ = {
			isa = XCBuildConfiguration;
			buildSettings = {
				ALWAYS_SEARCH_USER_PATHS = NO;
				ARCHS = "$(ARCHS_STANDARD_64_BIT)";
				CLANG_CXX_LANGUAGE_STANDARD = "gnu++0x";
				CLANG_CXX_LIBRARY = "libstdc++";
				CLANG_ENABLE_OBJC_ARC = YES;
				CLANG_WARN_CONSTANT_CONVERSION = YES;
				CLANG_WARN_EMPTY_BODY = YES;
				CLANG_WARN_ENUM_CONVERSION = YES;
				CLANG_WARN_INT_CONVERSION = YES;
				CLANG_WARN__DUPLICATE_METHOD_MATCH = YES;
				COPY_PHASE_STRIP = NO;
				GCC_C_LANGUAGE_STANDARD = gnu99;
				GCC_DYNAMIC_NO_PIC = NO;
				GCC_ENABLE_OBJC_EXCEPTIONS = YES;
				GCC_OPTIMIZATION_LEVEL = 0;
				GCC_PREPROCESSOR_DEFINITIONS = (
					"DEBUG=1",
					"$(inherited)",
				);
				GCC_SYMBOLS_PRIVATE_EXTERN = NO;
				GCC_WARN_64_TO_32_BIT_CONVERSION = YES;
				GCC_WARN_ABOUT_RETURN_TYPE = YES;
				GCC_WARN_UNINITIALIZED_AUTOS = YES;
				GCC_WARN_UNUSED_VARIABLE = YES;
				HEADER_SEARCH_PATHS = /opt/local/include;
				MACOSX_DEPLOYMENT_TARGET = 10.7;
				ONLY_ACTIVE_ARCH = YES;
				SDKROOT = macosx;
				USER_HEADER_SEARCH_PATHS = "$(BUILT_PRODUCTS_DIR)";
			};
			name = Debug;
		};
		E82AE8C317EFC7900067E353 /* Release */ = {
			isa = XCBuildConfiguration;
			buildSettings = {
				ALWAYS_SEARCH_USER_PATHS = NO;
				ARCHS = "$(ARCHS_STANDARD_64_BIT)";
				CLANG_CXX_LANGUAGE_STANDARD = "gnu++0x";
				CLANG_CXX_LIBRARY = "libstdc++";
				CLANG_ENABLE_OBJC_ARC = YES;
				CLANG_WARN_CONSTANT_CONVERSION = YES;
				CLANG_WARN_EMPTY_BODY = YES;
				CLANG_WARN_ENUM_CONVERSION = YES;
				CLANG_WARN_INT_CONVERSION = YES;
				CLANG_WARN__DUPLICATE_METHOD_MATCH = YES;
				COPY_PHASE_STRIP = YES;
				DEBUG_INFORMATION_FORMAT = "dwarf-with-dsym";
				GCC_C_LANGUAGE_STANDARD = gnu99;
				GCC_ENABLE_OBJC_EXCEPTIONS = YES;
				GCC_WARN_64_TO_32_BIT_CONVERSION = YES;
				GCC_WARN_ABOUT_RETURN_TYPE = YES;
				GCC_WARN_UNINITIALIZED_AUTOS = YES;
				GCC_WARN_UNUSED_VARIABLE = YES;
				HEADER_SEARCH_PATHS = /opt/local/include;
				MACOSX_DEPLOYMENT_TARGET = 10.7;
				SDKROOT = macosx;
				USER_HEADER_SEARCH_PATHS = "$(BUILT_PRODUCTS_DIR)";
			};
			name = Release;
		};
		E82AE8C517EFC7900067E353 /* Debug */ = {
			isa = XCBuildConfiguration;
			buildSettings = {
				LIBRARY_SEARCH_PATHS = (
					"$(inherited)",
					"\"$(SRCROOT)/../../../Library/Developer/Xcode/DerivedData/BridgePTM-arnjgpranbjzonavbptwywbfkqba/Build/Products/Debug\"",
					/opt/local/lib,
				);
				PRODUCT_NAME = "$(TARGET_NAME)";
			};
			name = Debug;
		};
		E82AE8C617EFC7900067E353 /* Release */ = {
			isa = XCBuildConfiguration;
			buildSettings = {
				LIBRARY_SEARCH_PATHS = (
					"$(inherited)",
					"\"$(SRCROOT)/../../../Library/Developer/Xcode/DerivedData/BridgePTM-arnjgpranbjzonavbptwywbfkqba/Build/Products/Debug\"",
					/opt/local/lib,
				);
				PRODUCT_NAME = "$(TARGET_NAME)";
			};
			name = Release;
		};
/* End XCBuildConfiguration section */

/* Begin XCConfigurationList section */
		E82AE8B617EFC7900067E353 /* Build configuration list for PBXProject "BridgeConsole" */ = {
			isa = XCConfigurationList;
			buildConfigurations = (
				E82AE8C217EFC7900067E353 /* Debug */,
				E82AE8C317EFC7900067E353 /* Release */,
			);
			defaultConfigurationIsVisible = 0;
			defaultConfigurationName = Release;
		};
		E82AE8C417EFC7900067E353 /* Build configuration list for PBXNativeTarget "BridgeConsole" */ = {
			isa = XCConfigurationList;
			buildConfigurations = (
				E82AE8C517EFC7900067E353 /* Debug */,
				E82AE8C617EFC7900067E353 /* Release */,
			);
			defaultConfigurationIsVisible = 0;
			defaultConfigurationName = Release;
		};
/* End XCConfigurationList section */
	};
	rootObject = E82AE8B317EFC7900067E353 /* Project object */;
}
