// !$*UTF8*$!
{
	archiveVersion = 1;
	classes = {
	};
	objectVersion = 46;
	objects = {

/* Begin PBXBuildFile section */
		E89909A41810314A0080A280 /* UIKit.framework in Frameworks */ = {isa = PBXBuildFile; fileRef = E89909A31810314A0080A280 /* UIKit.framework */; };
		E89909A61810314A0080A280 /* Foundation.framework in Frameworks */ = {isa = PBXBuildFile; fileRef = E89909A51810314A0080A280 /* Foundation.framework */; };
		E89909A81810314A0080A280 /* CoreGraphics.framework in Frameworks */ = {isa = PBXBuildFile; fileRef = E89909A71810314A0080A280 /* CoreGraphics.framework */; };
		E89909AE1810314A0080A280 /* InfoPlist.strings in Resources */ = {isa = PBXBuildFile; fileRef = E89909AC1810314A0080A280 /* InfoPlist.strings */; };
		E89909B01810314A0080A280 /* main.m in Sources */ = {isa = PBXBuildFile; fileRef = E89909AF1810314A0080A280 /* main.m */; };
		E89909B41810314A0080A280 /* AppDelegate.m in Sources */ = {isa = PBXBuildFile; fileRef = E89909B31810314A0080A280 /* AppDelegate.m */; };
		E89909B61810314A0080A280 /* Default.png in Resources */ = {isa = PBXBuildFile; fileRef = E89909B51810314A0080A280 /* Default.png */; };
		E89909B81810314A0080A280 /* Default@2x.png in Resources */ = {isa = PBXBuildFile; fileRef = E89909B71810314A0080A280 /* Default@2x.png */; };
		E89909BA1810314A0080A280 /* Default-568h@2x.png in Resources */ = {isa = PBXBuildFile; fileRef = E89909B91810314A0080A280 /* Default-568h@2x.png */; };
		E89909BD1810314A0080A280 /* MainStoryboard_iPhone.storyboard in Resources */ = {isa = PBXBuildFile; fileRef = E89909BB1810314A0080A280 /* MainStoryboard_iPhone.storyboard */; };
		E89909C01810314A0080A280 /* MainStoryboard_iPad.storyboard in Resources */ = {isa = PBXBuildFile; fileRef = E89909BE1810314A0080A280 /* MainStoryboard_iPad.storyboard */; };
		E89909C31810314A0080A280 /* ViewController.m in Sources */ = {isa = PBXBuildFile; fileRef = E89909C21810314A0080A280 /* ViewController.m */; };
		E89909CB1810314A0080A280 /* SenTestingKit.framework in Frameworks */ = {isa = PBXBuildFile; fileRef = E89909CA1810314A0080A280 /* SenTestingKit.framework */; };
		E89909CC1810314A0080A280 /* UIKit.framework in Frameworks */ = {isa = PBXBuildFile; fileRef = E89909A31810314A0080A280 /* UIKit.framework */; };
		E89909CD1810314A0080A280 /* Foundation.framework in Frameworks */ = {isa = PBXBuildFile; fileRef = E89909A51810314A0080A280 /* Foundation.framework */; };
		E89909D51810314A0080A280 /* InfoPlist.strings in Resources */ = {isa = PBXBuildFile; fileRef = E89909D31810314A0080A280 /* InfoPlist.strings */; };
		E89909D81810314A0080A280 /* BridgeMobileTests.m in Sources */ = {isa = PBXBuildFile; fileRef = E89909D71810314A0080A280 /* BridgeMobileTests.m */; };
/* End PBXBuildFile section */

/* Begin PBXContainerItemProxy section */
		E89909CE1810314A0080A280 /* PBXContainerItemProxy */ = {
			isa = PBXContainerItemProxy;
			containerPortal = E89909981810314A0080A280 /* Project object */;
			proxyType = 1;
			remoteGlobalIDString = E899099F1810314A0080A280;
			remoteInfo = BridgeMobile;
		};
/* End PBXContainerItemProxy section */

/* Begin PBXFileReference section */
		E89909A01810314A0080A280 /* BridgeMobile.app */ = {isa = PBXFileReference; explicitFileType = wrapper.application; includeInIndex = 0; path = BridgeMobile.app; sourceTree = BUILT_PRODUCTS_DIR; };
		E89909A31810314A0080A280 /* UIKit.framework */ = {isa = PBXFileReference; lastKnownFileType = wrapper.framework; name = UIKit.framework; path = System/Library/Frameworks/UIKit.framework; sourceTree = SDKROOT; };
		E89909A51810314A0080A280 /* Foundation.framework */ = {isa = PBXFileReference; lastKnownFileType = wrapper.framework; name = Foundation.framework; path = System/Library/Frameworks/Foundation.framework; sourceTree = SDKROOT; };
		E89909A71810314A0080A280 /* CoreGraphics.framework */ = {isa = PBXFileReference; lastKnownFileType = wrapper.framework; name = CoreGraphics.framework; path = System/Library/Frameworks/CoreGraphics.framework; sourceTree = SDKROOT; };
		E89909AB1810314A0080A280 /* BridgeMobile-Info.plist */ = {isa = PBXFileReference; lastKnownFileType = text.plist.xml; path = "BridgeMobile-Info.plist"; sourceTree = "<group>"; };
		E89909AD1810314A0080A280 /* en */ = {isa = PBXFileReference; lastKnownFileType = text.plist.strings; name = en; path = en.lproj/InfoPlist.strings; sourceTree = "<group>"; };
		E89909AF1810314A0080A280 /* main.m */ = {isa = PBXFileReference; lastKnownFileType = sourcecode.c.objc; path = main.m; sourceTree = "<group>"; };
		E89909B11810314A0080A280 /* BridgeMobile-Prefix.pch */ = {isa = PBXFileReference; lastKnownFileType = sourcecode.c.h; path = "BridgeMobile-Prefix.pch"; sourceTree = "<group>"; };
		E89909B21810314A0080A280 /* AppDelegate.h */ = {isa = PBXFileReference; lastKnownFileType = sourcecode.c.h; path = AppDelegate.h; sourceTree = "<group>"; };
		E89909B31810314A0080A280 /* AppDelegate.m */ = {isa = PBXFileReference; lastKnownFileType = sourcecode.c.objc; path = AppDelegate.m; sourceTree = "<group>"; };
		E89909B51810314A0080A280 /* Default.png */ = {isa = PBXFileReference; lastKnownFileType = image.png; path = Default.png; sourceTree = "<group>"; };
		E89909B71810314A0080A280 /* Default@2x.png */ = {isa = PBXFileReference; lastKnownFileType = image.png; path = "Default@2x.png"; sourceTree = "<group>"; };
		E89909B91810314A0080A280 /* Default-568h@2x.png */ = {isa = PBXFileReference; lastKnownFileType = image.png; path = "Default-568h@2x.png"; sourceTree = "<group>"; };
		E89909BC1810314A0080A280 /* en */ = {isa = PBXFileReference; lastKnownFileType = file.storyboard; name = en; path = en.lproj/MainStoryboard_iPhone.storyboard; sourceTree = "<group>"; };
		E89909BF1810314A0080A280 /* en */ = {isa = PBXFileReference; lastKnownFileType = file.storyboard; name = en; path = en.lproj/MainStoryboard_iPad.storyboard; sourceTree = "<group>"; };
		E89909C11810314A0080A280 /* ViewController.h */ = {isa = PBXFileReference; lastKnownFileType = sourcecode.c.h; path = ViewController.h; sourceTree = "<group>"; };
		E89909C21810314A0080A280 /* ViewController.m */ = {isa = PBXFileReference; lastKnownFileType = sourcecode.c.objc; path = ViewController.m; sourceTree = "<group>"; };
		E89909C91810314A0080A280 /* BridgeMobileTests.octest */ = {isa = PBXFileReference; explicitFileType = wrapper.cfbundle; includeInIndex = 0; path = BridgeMobileTests.octest; sourceTree = BUILT_PRODUCTS_DIR; };
		E89909CA1810314A0080A280 /* SenTestingKit.framework */ = {isa = PBXFileReference; lastKnownFileType = wrapper.framework; name = SenTestingKit.framework; path = Library/Frameworks/SenTestingKit.framework; sourceTree = DEVELOPER_DIR; };
		E89909D21810314A0080A280 /* BridgeMobileTests-Info.plist */ = {isa = PBXFileReference; lastKnownFileType = text.plist.xml; path = "BridgeMobileTests-Info.plist"; sourceTree = "<group>"; };
		E89909D41810314A0080A280 /* en */ = {isa = PBXFileReference; lastKnownFileType = text.plist.strings; name = en; path = en.lproj/InfoPlist.strings; sourceTree = "<group>"; };
		E89909D61810314A0080A280 /* BridgeMobileTests.h */ = {isa = PBXFileReference; lastKnownFileType = sourcecode.c.h; path = BridgeMobileTests.h; sourceTree = "<group>"; };
		E89909D71810314A0080A280 /* BridgeMobileTests.m */ = {isa = PBXFileReference; lastKnownFileType = sourcecode.c.objc; path = BridgeMobileTests.m; sourceTree = "<group>"; };
/* End PBXFileReference section */

/* Begin PBXFrameworksBuildPhase section */
		E899099D1810314A0080A280 /* Frameworks */ = {
			isa = PBXFrameworksBuildPhase;
			buildActionMask = 2147483647;
			files = (
				E89909A41810314A0080A280 /* UIKit.framework in Frameworks */,
				E89909A61810314A0080A280 /* Foundation.framework in Frameworks */,
				E89909A81810314A0080A280 /* CoreGraphics.framework in Frameworks */,
			);
			runOnlyForDeploymentPostprocessing = 0;
		};
		E89909C51810314A0080A280 /* Frameworks */ = {
			isa = PBXFrameworksBuildPhase;
			buildActionMask = 2147483647;
			files = (
				E89909CB1810314A0080A280 /* SenTestingKit.framework in Frameworks */,
				E89909CC1810314A0080A280 /* UIKit.framework in Frameworks */,
				E89909CD1810314A0080A280 /* Foundation.framework in Frameworks */,
			);
			runOnlyForDeploymentPostprocessing = 0;
		};
/* End PBXFrameworksBuildPhase section */

/* Begin PBXGroup section */
		E89909971810314A0080A280 = {
			isa = PBXGroup;
			children = (
				E89909A91810314A0080A280 /* BridgeMobile */,
				E89909D01810314A0080A280 /* BridgeMobileTests */,
				E89909A21810314A0080A280 /* Frameworks */,
				E89909A11810314A0080A280 /* Products */,
			);
			sourceTree = "<group>";
		};
		E89909A11810314A0080A280 /* Products */ = {
			isa = PBXGroup;
			children = (
				E89909A01810314A0080A280 /* BridgeMobile.app */,
				E89909C91810314A0080A280 /* BridgeMobileTests.octest */,
			);
			name = Products;
			sourceTree = "<group>";
		};
		E89909A21810314A0080A280 /* Frameworks */ = {
			isa = PBXGroup;
			children = (
				E89909A31810314A0080A280 /* UIKit.framework */,
				E89909A51810314A0080A280 /* Foundation.framework */,
				E89909A71810314A0080A280 /* CoreGraphics.framework */,
				E89909CA1810314A0080A280 /* SenTestingKit.framework */,
			);
			name = Frameworks;
			sourceTree = "<group>";
		};
		E89909A91810314A0080A280 /* BridgeMobile */ = {
			isa = PBXGroup;
			children = (
				E89909B21810314A0080A280 /* AppDelegate.h */,
				E89909B31810314A0080A280 /* AppDelegate.m */,
				E89909BB1810314A0080A280 /* MainStoryboard_iPhone.storyboard */,
				E89909BE1810314A0080A280 /* MainStoryboard_iPad.storyboard */,
				E89909C11810314A0080A280 /* ViewController.h */,
				E89909C21810314A0080A280 /* ViewController.m */,
				E89909AA1810314A0080A280 /* Supporting Files */,
			);
			path = BridgeMobile;
			sourceTree = "<group>";
		};
		E89909AA1810314A0080A280 /* Supporting Files */ = {
			isa = PBXGroup;
			children = (
				E89909AB1810314A0080A280 /* BridgeMobile-Info.plist */,
				E89909AC1810314A0080A280 /* InfoPlist.strings */,
				E89909AF1810314A0080A280 /* main.m */,
				E89909B11810314A0080A280 /* BridgeMobile-Prefix.pch */,
				E89909B51810314A0080A280 /* Default.png */,
				E89909B71810314A0080A280 /* Default@2x.png */,
				E89909B91810314A0080A280 /* Default-568h@2x.png */,
			);
			name = "Supporting Files";
			sourceTree = "<group>";
		};
		E89909D01810314A0080A280 /* BridgeMobileTests */ = {
			isa = PBXGroup;
			children = (
				E89909D61810314A0080A280 /* BridgeMobileTests.h */,
				E89909D71810314A0080A280 /* BridgeMobileTests.m */,
				E89909D11810314A0080A280 /* Supporting Files */,
			);
			path = BridgeMobileTests;
			sourceTree = "<group>";
		};
		E89909D11810314A0080A280 /* Supporting Files */ = {
			isa = PBXGroup;
			children = (
				E89909D21810314A0080A280 /* BridgeMobileTests-Info.plist */,
				E89909D31810314A0080A280 /* InfoPlist.strings */,
			);
			name = "Supporting Files";
			sourceTree = "<group>";
		};
/* End PBXGroup section */

/* Begin PBXNativeTarget section */
		E899099F1810314A0080A280 /* BridgeMobile */ = {
			isa = PBXNativeTarget;
			buildConfigurationList = E89909DB1810314A0080A280 /* Build configuration list for PBXNativeTarget "BridgeMobile" */;
			buildPhases = (
				E899099C1810314A0080A280 /* Sources */,
				E899099D1810314A0080A280 /* Frameworks */,
				E899099E1810314A0080A280 /* Resources */,
			);
			buildRules = (
			);
			dependencies = (
			);
			name = BridgeMobile;
			productName = BridgeMobile;
			productReference = E89909A01810314A0080A280 /* BridgeMobile.app */;
			productType = "com.apple.product-type.application";
		};
		E89909C81810314A0080A280 /* BridgeMobileTests */ = {
			isa = PBXNativeTarget;
			buildConfigurationList = E89909DE1810314A0080A280 /* Build configuration list for PBXNativeTarget "BridgeMobileTests" */;
			buildPhases = (
				E89909C41810314A0080A280 /* Sources */,
				E89909C51810314A0080A280 /* Frameworks */,
				E89909C61810314A0080A280 /* Resources */,
				E89909C71810314A0080A280 /* ShellScript */,
			);
			buildRules = (
			);
			dependencies = (
				E89909CF1810314A0080A280 /* PBXTargetDependency */,
			);
			name = BridgeMobileTests;
			productName = BridgeMobileTests;
			productReference = E89909C91810314A0080A280 /* BridgeMobileTests.octest */;
			productType = "com.apple.product-type.bundle";
		};
/* End PBXNativeTarget section */

/* Begin PBXProject section */
		E89909981810314A0080A280 /* Project object */ = {
			isa = PBXProject;
			attributes = {
				LastUpgradeCheck = 0460;
				ORGANIZATIONNAME = "Juan David Hincapié-Ramos";
			};
			buildConfigurationList = E899099B1810314A0080A280 /* Build configuration list for PBXProject "BridgeMobile" */;
			compatibilityVersion = "Xcode 3.2";
			developmentRegion = English;
			hasScannedForEncodings = 0;
			knownRegions = (
				en,
			);
			mainGroup = E89909971810314A0080A280;
			productRefGroup = E89909A11810314A0080A280 /* Products */;
			projectDirPath = "";
			projectRoot = "";
			targets = (
				E899099F1810314A0080A280 /* BridgeMobile */,
				E89909C81810314A0080A280 /* BridgeMobileTests */,
			);
		};
/* End PBXProject section */

/* Begin PBXResourcesBuildPhase section */
		E899099E1810314A0080A280 /* Resources */ = {
			isa = PBXResourcesBuildPhase;
			buildActionMask = 2147483647;
			files = (
				E89909AE1810314A0080A280 /* InfoPlist.strings in Resources */,
				E89909B61810314A0080A280 /* Default.png in Resources */,
				E89909B81810314A0080A280 /* Default@2x.png in Resources */,
				E89909BA1810314A0080A280 /* Default-568h@2x.png in Resources */,
				E89909BD1810314A0080A280 /* MainStoryboard_iPhone.storyboard in Resources */,
				E89909C01810314A0080A280 /* MainStoryboard_iPad.storyboard in Resources */,
			);
			runOnlyForDeploymentPostprocessing = 0;
		};
		E89909C61810314A0080A280 /* Resources */ = {
			isa = PBXResourcesBuildPhase;
			buildActionMask = 2147483647;
			files = (
				E89909D51810314A0080A280 /* InfoPlist.strings in Resources */,
			);
			runOnlyForDeploymentPostprocessing = 0;
		};
/* End PBXResourcesBuildPhase section */

/* Begin PBXShellScriptBuildPhase section */
		E89909C71810314A0080A280 /* ShellScript */ = {
			isa = PBXShellScriptBuildPhase;
			buildActionMask = 2147483647;
			files = (
			);
			inputPaths = (
			);
			outputPaths = (
			);
			runOnlyForDeploymentPostprocessing = 0;
			shellPath = /bin/sh;
			shellScript = "# Run the unit tests in this test bundle.\n\"${SYSTEM_DEVELOPER_DIR}/Tools/RunUnitTests\"\n";
		};
/* End PBXShellScriptBuildPhase section */

/* Begin PBXSourcesBuildPhase section */
		E899099C1810314A0080A280 /* Sources */ = {
			isa = PBXSourcesBuildPhase;
			buildActionMask = 2147483647;
			files = (
				E89909B01810314A0080A280 /* main.m in Sources */,
				E89909B41810314A0080A280 /* AppDelegate.m in Sources */,
				E89909C31810314A0080A280 /* ViewController.m in Sources */,
			);
			runOnlyForDeploymentPostprocessing = 0;
		};
		E89909C41810314A0080A280 /* Sources */ = {
			isa = PBXSourcesBuildPhase;
			buildActionMask = 2147483647;
			files = (
				E89909D81810314A0080A280 /* BridgeMobileTests.m in Sources */,
			);
			runOnlyForDeploymentPostprocessing = 0;
		};
/* End PBXSourcesBuildPhase section */

/* Begin PBXTargetDependency section */
		E89909CF1810314A0080A280 /* PBXTargetDependency */ = {
			isa = PBXTargetDependency;
			target = E899099F1810314A0080A280 /* BridgeMobile */;
			targetProxy = E89909CE1810314A0080A280 /* PBXContainerItemProxy */;
		};
/* End PBXTargetDependency section */

/* Begin PBXVariantGroup section */
		E89909AC1810314A0080A280 /* InfoPlist.strings */ = {
			isa = PBXVariantGroup;
			children = (
				E89909AD1810314A0080A280 /* en */,
			);
			name = InfoPlist.strings;
			sourceTree = "<group>";
		};
		E89909BB1810314A0080A280 /* MainStoryboard_iPhone.storyboard */ = {
			isa = PBXVariantGroup;
			children = (
				E89909BC1810314A0080A280 /* en */,
			);
			name = MainStoryboard_iPhone.storyboard;
			sourceTree = "<group>";
		};
		E89909BE1810314A0080A280 /* MainStoryboard_iPad.storyboard */ = {
			isa = PBXVariantGroup;
			children = (
				E89909BF1810314A0080A280 /* en */,
			);
			name = MainStoryboard_iPad.storyboard;
			sourceTree = "<group>";
		};
		E89909D31810314A0080A280 /* InfoPlist.strings */ = {
			isa = PBXVariantGroup;
			children = (
				E89909D41810314A0080A280 /* en */,
			);
			name = InfoPlist.strings;
			sourceTree = "<group>";
		};
/* End PBXVariantGroup section */

/* Begin XCBuildConfiguration section */
		E89909D91810314A0080A280 /* Debug */ = {
			isa = XCBuildConfiguration;
			buildSettings = {
				ALWAYS_SEARCH_USER_PATHS = NO;
				CLANG_CXX_LANGUAGE_STANDARD = "gnu++0x";
				CLANG_CXX_LIBRARY = "libc++";
				CLANG_ENABLE_OBJC_ARC = YES;
				CLANG_WARN_CONSTANT_CONVERSION = YES;
				CLANG_WARN_EMPTY_BODY = YES;
				CLANG_WARN_ENUM_CONVERSION = YES;
				CLANG_WARN_INT_CONVERSION = YES;
				CLANG_WARN__DUPLICATE_METHOD_MATCH = YES;
				"CODE_SIGN_IDENTITY[sdk=iphoneos*]" = "iPhone Developer";
				COPY_PHASE_STRIP = NO;
				GCC_C_LANGUAGE_STANDARD = gnu99;
				GCC_DYNAMIC_NO_PIC = NO;
				GCC_OPTIMIZATION_LEVEL = 0;
				GCC_PREPROCESSOR_DEFINITIONS = (
					"DEBUG=1",
					"$(inherited)",
				);
				GCC_SYMBOLS_PRIVATE_EXTERN = NO;
				GCC_WARN_ABOUT_RETURN_TYPE = YES;
				GCC_WARN_UNINITIALIZED_AUTOS = YES;
				GCC_WARN_UNUSED_VARIABLE = YES;
				IPHONEOS_DEPLOYMENT_TARGET = 5.0;
				ONLY_ACTIVE_ARCH = YES;
				SDKROOT = iphoneos;
				TARGETED_DEVICE_FAMILY = "1,2";
			};
			name = Debug;
		};
		E89909DA1810314A0080A280 /* Release */ = {
			isa = XCBuildConfiguration;
			buildSettings = {
				ALWAYS_SEARCH_USER_PATHS = NO;
				CLANG_CXX_LANGUAGE_STANDARD = "gnu++0x";
				CLANG_CXX_LIBRARY = "libc++";
				CLANG_ENABLE_OBJC_ARC = YES;
				CLANG_WARN_CONSTANT_CONVERSION = YES;
				CLANG_WARN_EMPTY_BODY = YES;
				CLANG_WARN_ENUM_CONVERSION = YES;
				CLANG_WARN_INT_CONVERSION = YES;
				CLANG_WARN__DUPLICATE_METHOD_MATCH = YES;
				"CODE_SIGN_IDENTITY[sdk=iphoneos*]" = "iPhone Developer";
				COPY_PHASE_STRIP = YES;
				GCC_C_LANGUAGE_STANDARD = gnu99;
				GCC_WARN_ABOUT_RETURN_TYPE = YES;
				GCC_WARN_UNINITIALIZED_AUTOS = YES;
				GCC_WARN_UNUSED_VARIABLE = YES;
				IPHONEOS_DEPLOYMENT_TARGET = 5.0;
				ONLY_ACTIVE_ARCH = YES;
				OTHER_CFLAGS = "-DNS_BLOCK_ASSERTIONS=1";
				SDKROOT = iphoneos;
				TARGETED_DEVICE_FAMILY = "1,2";
				VALIDATE_PRODUCT = YES;
			};
			name = Release;
		};
		E89909DC1810314A0080A280 /* Debug */ = {
			isa = XCBuildConfiguration;
			buildSettings = {
				GCC_PRECOMPILE_PREFIX_HEADER = YES;
				GCC_PREFIX_HEADER = "BridgeMobile/BridgeMobile-Prefix.pch";
				INFOPLIST_FILE = "BridgeMobile/BridgeMobile-Info.plist";
				IPHONEOS_DEPLOYMENT_TARGET = 5.0;
				PRODUCT_NAME = "$(TARGET_NAME)";
				WRAPPER_EXTENSION = app;
			};
			name = Debug;
		};
		E89909DD1810314A0080A280 /* Release */ = {
			isa = XCBuildConfiguration;
			buildSettings = {
				GCC_PRECOMPILE_PREFIX_HEADER = YES;
				GCC_PREFIX_HEADER = "BridgeMobile/BridgeMobile-Prefix.pch";
				INFOPLIST_FILE = "BridgeMobile/BridgeMobile-Info.plist";
				IPHONEOS_DEPLOYMENT_TARGET = 5.0;
				PRODUCT_NAME = "$(TARGET_NAME)";
				WRAPPER_EXTENSION = app;
			};
			name = Release;
		};
		E89909DF1810314A0080A280 /* Debug */ = {
			isa = XCBuildConfiguration;
			buildSettings = {
				BUNDLE_LOADER = "$(BUILT_PRODUCTS_DIR)/BridgeMobile.app/BridgeMobile";
				FRAMEWORK_SEARCH_PATHS = (
					"\"$(SDKROOT)/Developer/Library/Frameworks\"",
					"\"$(DEVELOPER_LIBRARY_DIR)/Frameworks\"",
				);
				GCC_PRECOMPILE_PREFIX_HEADER = YES;
				GCC_PREFIX_HEADER = "BridgeMobile/BridgeMobile-Prefix.pch";
				INFOPLIST_FILE = "BridgeMobileTests/BridgeMobileTests-Info.plist";
				PRODUCT_NAME = "$(TARGET_NAME)";
				TEST_HOST = "$(BUNDLE_LOADER)";
				WRAPPER_EXTENSION = octest;
			};
			name = Debug;
		};
		E89909E01810314A0080A280 /* Release */ = {
			isa = XCBuildConfiguration;
			buildSettings = {
				BUNDLE_LOADER = "$(BUILT_PRODUCTS_DIR)/BridgeMobile.app/BridgeMobile";
				FRAMEWORK_SEARCH_PATHS = (
					"\"$(SDKROOT)/Developer/Library/Frameworks\"",
					"\"$(DEVELOPER_LIBRARY_DIR)/Frameworks\"",
				);
				GCC_PRECOMPILE_PREFIX_HEADER = YES;
				GCC_PREFIX_HEADER = "BridgeMobile/BridgeMobile-Prefix.pch";
				INFOPLIST_FILE = "BridgeMobileTests/BridgeMobileTests-Info.plist";
				PRODUCT_NAME = "$(TARGET_NAME)";
				TEST_HOST = "$(BUNDLE_LOADER)";
				WRAPPER_EXTENSION = octest;
			};
			name = Release;
		};
/* End XCBuildConfiguration section */

/* Begin XCConfigurationList section */
		E899099B1810314A0080A280 /* Build configuration list for PBXProject "BridgeMobile" */ = {
			isa = XCConfigurationList;
			buildConfigurations = (
				E89909D91810314A0080A280 /* Debug */,
				E89909DA1810314A0080A280 /* Release */,
			);
			defaultConfigurationIsVisible = 0;
			defaultConfigurationName = Release;
		};
		E89909DB1810314A0080A280 /* Build configuration list for PBXNativeTarget "BridgeMobile" */ = {
			isa = XCConfigurationList;
			buildConfigurations = (
				E89909DC1810314A0080A280 /* Debug */,
				E89909DD1810314A0080A280 /* Release */,
			);
			defaultConfigurationIsVisible = 0;
			defaultConfigurationName = Release;
		};
		E89909DE1810314A0080A280 /* Build configuration list for PBXNativeTarget "BridgeMobileTests" */ = {
			isa = XCConfigurationList;
			buildConfigurations = (
				E89909DF1810314A0080A280 /* Debug */,
				E89909E01810314A0080A280 /* Release */,
			);
			defaultConfigurationIsVisible = 0;
			defaultConfigurationName = Release;
		};
/* End XCConfigurationList section */
	};
	rootObject = E89909981810314A0080A280 /* Project object */;
}
